
Microsoft Visual Studio Solution File, Format Version 12.00
# Visual Studio Version 17
VisualStudioVersion = 17.10.35122.118
MinimumVisualStudioVersion = 10.0.40219.1
Project("{FAE04EC0-301F-11D3-BF4B-00C04F79EFBC}") = "firstTask", "firstTask\firstTask.csproj", "{882DDD87-0F73-48CB-B4E7-BE8BE32A6987}"
EndProject
Global
	GlobalSection(SolutionConfigurationPlatforms) = preSolution
		Debug|Any CPU = Debug|Any CPU
		Release|Any CPU = Release|Any CPU
	EndGlobalSection
	GlobalSection(ProjectConfigurationPlatforms) = postSolution
		{882DDD87-0F73-48CB-B4E7-BE8BE32A6987}.Debug|Any CPU.ActiveCfg = Debug|Any CPU
		{882DDD87-0F73-48CB-B4E7-BE8BE32A6987}.Debug|Any CPU.Build.0 = Debug|Any CPU
		{882DDD87-0F73-48CB-B4E7-BE8BE32A6987}.Release|Any CPU.ActiveCfg = Release|Any CPU
		{882DDD87-0F73-48CB-B4E7-BE8BE32A6987}.Release|Any CPU.Build.0 = Release|Any CPU
	EndGlobalSection
	GlobalSection(SolutionProperties) = preSolution
		HideSolutionNode = FALSE
	EndGlobalSection
	GlobalSection(ExtensibilityGlobals) = postSolution
		SolutionGuid = {86C62BB5-F7DA-406F-81AB-BB60955C766C}
	EndGlobalSection
EndGlobal
